<Solution>
  <Folder Name="/Core/">
    <Project Path="Application/Application.csproj" />
    <Project Path="Domain/Domain.csproj" />
  </Folder>
  <Folder Name="/External/">
    <Project Path="Infrastructure/Infrastructure.csproj" />
    <Project Path="Web/Web.csproj" Id="30cda6b8-28a1-471c-a60d-cec956fe2ea5" />
  </Folder>
</Solution>
